// !$*UTF8*$!
{
	archiveVersion = 1;
	classes = {
	};
	objectVersion = 46;
	objects = {

/* Begin PBXBuildFile section */
		7E34EE99C89F977C149E7036 /* Pods_htchhkr_development.framework in Frameworks */ = {isa = PBXBuildFile; fileRef = 062D6B4A2E6E90E5101CE957 /* Pods_htchhkr_development.framework */; };
		D9228E772041E8FC00029E1B /* GradientView.swift in Sources */ = {isa = PBXBuildFile; fileRef = D9228E762041E8FC00029E1B /* GradientView.swift */; };
		D92B37FB2041C5F000457D59 /* AppDelegate.swift in Sources */ = {isa = PBXBuildFile; fileRef = D92B37FA2041C5F000457D59 /* AppDelegate.swift */; };
		D92B37FD2041C5F000457D59 /* HomeVC.swift in Sources */ = {isa = PBXBuildFile; fileRef = D92B37FC2041C5F000457D59 /* HomeVC.swift */; };
		D92B38002041C5F000457D59 /* Main.storyboard in Resources */ = {isa = PBXBuildFile; fileRef = D92B37FE2041C5F000457D59 /* Main.storyboard */; };
		D92B38022041C5F000457D59 /* Assets.xcassets in Resources */ = {isa = PBXBuildFile; fileRef = D92B38012041C5F000457D59 /* Assets.xcassets */; };
		D92B38052041C5F000457D59 /* LaunchScreen.storyboard in Resources */ = {isa = PBXBuildFile; fileRef = D92B38032041C5F000457D59 /* LaunchScreen.storyboard */; };
		D93756552044712C001D0D4E /* LeftSidePanelVC.swift in Sources */ = {isa = PBXBuildFile; fileRef = D93756542044712C001D0D4E /* LeftSidePanelVC.swift */; };
		D9375657204471DF001D0D4E /* ContainerVC.swift in Sources */ = {isa = PBXBuildFile; fileRef = D9375656204471DF001D0D4E /* ContainerVC.swift */; };
		D937565A204474E6001D0D4E /* CenterVCDelegate.swift in Sources */ = {isa = PBXBuildFile; fileRef = D9375659204474E6001D0D4E /* CenterVCDelegate.swift */; };
		D97FF70D2041F04300EC65F7 /* RoundImageView.swift in Sources */ = {isa = PBXBuildFile; fileRef = D97FF70C2041F04300EC65F7 /* RoundImageView.swift */; };
		D97FF70F2041F0DC00EC65F7 /* RoundedShadawView.swift in Sources */ = {isa = PBXBuildFile; fileRef = D97FF70E2041F0DC00EC65F7 /* RoundedShadawView.swift */; };
		D97FF7112041F1AE00EC65F7 /* CircleView.swift in Sources */ = {isa = PBXBuildFile; fileRef = D97FF7102041F1AE00EC65F7 /* CircleView.swift */; };
		D97FF7132041F31700EC65F7 /* RoundedShadowButton.swift in Sources */ = {isa = PBXBuildFile; fileRef = D97FF7122041F31700EC65F7 /* RoundedShadowButton.swift */; };
		D9BB9AD920454DD1009667D0 /* UIViewExt.swift in Sources */ = {isa = PBXBuildFile; fileRef = D9BB9AD820454DD1009667D0 /* UIViewExt.swift */; };
/* End PBXBuildFile section */

/* Begin PBXFileReference section */
		062D6B4A2E6E90E5101CE957 /* Pods_htchhkr_development.framework */ = {isa = PBXFileReference; explicitFileType = wrapper.framework; includeInIndex = 0; path = Pods_htchhkr_development.framework; sourceTree = BUILT_PRODUCTS_DIR; };
		712D97DC01121BDFFEE29AD9 /* Pods-htchhkr-development.debug.xcconfig */ = {isa = PBXFileReference; includeInIndex = 1; lastKnownFileType = text.xcconfig; name = "Pods-htchhkr-development.debug.xcconfig"; path = "Pods/Target Support Files/Pods-htchhkr-development/Pods-htchhkr-development.debug.xcconfig"; sourceTree = "<group>"; };
		A0A477555A495B551613027E /* Pods-htchhkr-development.release.xcconfig */ = {isa = PBXFileReference; includeInIndex = 1; lastKnownFileType = text.xcconfig; name = "Pods-htchhkr-development.release.xcconfig"; path = "Pods/Target Support Files/Pods-htchhkr-development/Pods-htchhkr-development.release.xcconfig"; sourceTree = "<group>"; };
		D9228E762041E8FC00029E1B /* GradientView.swift */ = {isa = PBXFileReference; fileEncoding = 4; lastKnownFileType = sourcecode.swift; path = GradientView.swift; sourceTree = "<group>"; };
		D92B37F72041C5F000457D59 /* htchhkr-development.app */ = {isa = PBXFileReference; explicitFileType = wrapper.application; includeInIndex = 0; path = "htchhkr-development.app"; sourceTree = BUILT_PRODUCTS_DIR; };
		D92B37FA2041C5F000457D59 /* AppDelegate.swift */ = {isa = PBXFileReference; lastKnownFileType = sourcecode.swift; path = AppDelegate.swift; sourceTree = "<group>"; };
		D92B37FC2041C5F000457D59 /* HomeVC.swift */ = {isa = PBXFileReference; lastKnownFileType = sourcecode.swift; path = HomeVC.swift; sourceTree = "<group>"; };
		D92B37FF2041C5F000457D59 /* Base */ = {isa = PBXFileReference; lastKnownFileType = file.storyboard; name = Base; path = Base.lproj/Main.storyboard; sourceTree = "<group>"; };
		D92B38012041C5F000457D59 /* Assets.xcassets */ = {isa = PBXFileReference; lastKnownFileType = folder.assetcatalog; path = Assets.xcassets; sourceTree = "<group>"; };
		D92B38042041C5F000457D59 /* Base */ = {isa = PBXFileReference; lastKnownFileType = file.storyboard; name = Base; path = Base.lproj/LaunchScreen.storyboard; sourceTree = "<group>"; };
		D92B38062041C5F000457D59 /* Info.plist */ = {isa = PBXFileReference; lastKnownFileType = text.plist.xml; path = Info.plist; sourceTree = "<group>"; };
		D93756542044712C001D0D4E /* LeftSidePanelVC.swift */ = {isa = PBXFileReference; fileEncoding = 4; lastKnownFileType = sourcecode.swift; path = LeftSidePanelVC.swift; sourceTree = "<group>"; };
		D9375656204471DF001D0D4E /* ContainerVC.swift */ = {isa = PBXFileReference; fileEncoding = 4; lastKnownFileType = sourcecode.swift; path = ContainerVC.swift; sourceTree = "<group>"; };
		D9375659204474E6001D0D4E /* CenterVCDelegate.swift */ = {isa = PBXFileReference; fileEncoding = 4; lastKnownFileType = sourcecode.swift; path = CenterVCDelegate.swift; sourceTree = "<group>"; };
		D97FF70C2041F04300EC65F7 /* RoundImageView.swift */ = {isa = PBXFileReference; fileEncoding = 4; lastKnownFileType = sourcecode.swift; path = RoundImageView.swift; sourceTree = "<group>"; };
		D97FF70E2041F0DC00EC65F7 /* RoundedShadawView.swift */ = {isa = PBXFileReference; fileEncoding = 4; lastKnownFileType = sourcecode.swift; path = RoundedShadawView.swift; sourceTree = "<group>"; };
		D97FF7102041F1AE00EC65F7 /* CircleView.swift */ = {isa = PBXFileReference; fileEncoding = 4; lastKnownFileType = sourcecode.swift; path = CircleView.swift; sourceTree = "<group>"; };
		D97FF7122041F31700EC65F7 /* RoundedShadowButton.swift */ = {isa = PBXFileReference; fileEncoding = 4; lastKnownFileType = sourcecode.swift; path = RoundedShadowButton.swift; sourceTree = "<group>"; };
		D9BB9AD820454DD1009667D0 /* UIViewExt.swift */ = {isa = PBXFileReference; fileEncoding = 4; lastKnownFileType = sourcecode.swift; path = UIViewExt.swift; sourceTree = "<group>"; };
/* End PBXFileReference section */

/* Begin PBXFrameworksBuildPhase section */
		D92B37F42041C5F000457D59 /* Frameworks */ = {
			isa = PBXFrameworksBuildPhase;
			buildActionMask = 2147483647;
			files = (
				7E34EE99C89F977C149E7036 /* Pods_htchhkr_development.framework in Frameworks */,
			);
			runOnlyForDeploymentPostprocessing = 0;
		};
/* End PBXFrameworksBuildPhase section */

/* Begin PBXGroup section */
		15E5B593D1F8C7D1925F249F /* Frameworks */ = {
			isa = PBXGroup;
			children = (
				062D6B4A2E6E90E5101CE957 /* Pods_htchhkr_development.framework */,
			);
			name = Frameworks;
			sourceTree = "<group>";
		};
		9C098B83C288889BBA1569F7 /* Pods */ = {
			isa = PBXGroup;
			children = (
				712D97DC01121BDFFEE29AD9 /* Pods-htchhkr-development.debug.xcconfig */,
				A0A477555A495B551613027E /* Pods-htchhkr-development.release.xcconfig */,
			);
			name = Pods;
			sourceTree = "<group>";
		};
		D9228E732041E8CA00029E1B /* Controller */ = {
			isa = PBXGroup;
			children = (
				D92B37FC2041C5F000457D59 /* HomeVC.swift */,
				D93756542044712C001D0D4E /* LeftSidePanelVC.swift */,
				D9375656204471DF001D0D4E /* ContainerVC.swift */,
			);
			name = Controller;
			sourceTree = "<group>";
		};
		D9228E742041E8D800029E1B /* View */ = {
			isa = PBXGroup;
			children = (
				D9228E762041E8FC00029E1B /* GradientView.swift */,
				D97FF70C2041F04300EC65F7 /* RoundImageView.swift */,
				D97FF70E2041F0DC00EC65F7 /* RoundedShadawView.swift */,
				D97FF7102041F1AE00EC65F7 /* CircleView.swift */,
				D97FF7122041F31700EC65F7 /* RoundedShadowButton.swift */,
			);
			name = View;
			sourceTree = "<group>";
		};
		D9228E752041E8DD00029E1B /* Model */ = {
			isa = PBXGroup;
			children = (
			);
			name = Model;
			sourceTree = "<group>";
		};
		D92B37EE2041C5F000457D59 = {
			isa = PBXGroup;
			children = (
				D92B37F92041C5F000457D59 /* htchhkr-development */,
				D92B37F82041C5F000457D59 /* Products */,
				9C098B83C288889BBA1569F7 /* Pods */,
				15E5B593D1F8C7D1925F249F /* Frameworks */,
			);
			sourceTree = "<group>";
		};
		D92B37F82041C5F000457D59 /* Products */ = {
			isa = PBXGroup;
			children = (
				D92B37F72041C5F000457D59 /* htchhkr-development.app */,
			);
			name = Products;
			sourceTree = "<group>";
		};
		D92B37F92041C5F000457D59 /* htchhkr-development */ = {
			isa = PBXGroup;
			children = (
				D9BB9AD720454DA6009667D0 /* Extensions */,
				D9375658204474BD001D0D4E /* Protocols */,
				D9228E752041E8DD00029E1B /* Model */,
				D9228E742041E8D800029E1B /* View */,
				D9228E732041E8CA00029E1B /* Controller */,
				D92B37FA2041C5F000457D59 /* AppDelegate.swift */,
				D92B37FE2041C5F000457D59 /* Main.storyboard */,
				D92B38012041C5F000457D59 /* Assets.xcassets */,
				D92B38032041C5F000457D59 /* LaunchScreen.storyboard */,
				D92B38062041C5F000457D59 /* Info.plist */,
			);
			path = "htchhkr-development";
			sourceTree = "<group>";
		};
		D9375658204474BD001D0D4E /* Protocols */ = {
			isa = PBXGroup;
			children = (
				D9375659204474E6001D0D4E /* CenterVCDelegate.swift */,
			);
			name = Protocols;
			sourceTree = "<group>";
		};
		D9BB9AD720454DA6009667D0 /* Extensions */ = {
			isa = PBXGroup;
			children = (
				D9BB9AD820454DD1009667D0 /* UIViewExt.swift */,
			);
			name = Extensions;
			sourceTree = "<group>";
		};
/* End PBXGroup section */

/* Begin PBXNativeTarget section */
		D92B37F62041C5F000457D59 /* htchhkr-development */ = {
			isa = PBXNativeTarget;
			buildConfigurationList = D92B38092041C5F000457D59 /* Build configuration list for PBXNativeTarget "htchhkr-development" */;
			buildPhases = (
				F0D27EC01C27113891BF0957 /* [CP] Check Pods Manifest.lock */,
				D92B37F32041C5F000457D59 /* Sources */,
				D92B37F42041C5F000457D59 /* Frameworks */,
				D92B37F52041C5F000457D59 /* Resources */,
				76CFED23A329590F8CE00A22 /* [CP] Embed Pods Frameworks */,
				A4300C07FF7E840F1E90DD66 /* [CP] Copy Pods Resources */,
			);
			buildRules = (
			);
			dependencies = (
			);
			name = "htchhkr-development";
			productName = "htchhkr-development";
			productReference = D92B37F72041C5F000457D59 /* htchhkr-development.app */;
			productType = "com.apple.product-type.application";
		};
/* End PBXNativeTarget section */

/* Begin PBXProject section */
		D92B37EF2041C5F000457D59 /* Project object */ = {
			isa = PBXProject;
			attributes = {
				LastSwiftUpdateCheck = 0820;
				LastUpgradeCheck = 0820;
				ORGANIZATIONNAME = "Mustafa GUNES";
				TargetAttributes = {
					D92B37F62041C5F000457D59 = {
						CreatedOnToolsVersion = 8.2;
						DevelopmentTeam = 8DVHX5WRRH;
						ProvisioningStyle = Automatic;
					};
				};
			};
			buildConfigurationList = D92B37F22041C5F000457D59 /* Build configuration list for PBXProject "htchhkr-development" */;
			compatibilityVersion = "Xcode 3.2";
			developmentRegion = English;
			hasScannedForEncodings = 0;
			knownRegions = (
				en,
				Base,
			);
			mainGroup = D92B37EE2041C5F000457D59;
			productRefGroup = D92B37F82041C5F000457D59 /* Products */;
			projectDirPath = "";
			projectRoot = "";
			targets = (
				D92B37F62041C5F000457D59 /* htchhkr-development */,
			);
		};
/* End PBXProject section */

/* Begin PBXResourcesBuildPhase section */
		D92B37F52041C5F000457D59 /* Resources */ = {
			isa = PBXResourcesBuildPhase;
			buildActionMask = 2147483647;
			files = (
				D92B38052041C5F000457D59 /* LaunchScreen.storyboard in Resources */,
				D92B38022041C5F000457D59 /* Assets.xcassets in Resources */,
				D92B38002041C5F000457D59 /* Main.storyboard in Resources */,
			);
			runOnlyForDeploymentPostprocessing = 0;
		};
/* End PBXResourcesBuildPhase section */

/* Begin PBXShellScriptBuildPhase section */
		76CFED23A329590F8CE00A22 /* [CP] Embed Pods Frameworks */ = {
			isa = PBXShellScriptBuildPhase;
			buildActionMask = 2147483647;
			files = (
			);
			inputPaths = (
				"${SRCROOT}/Pods/Target Support Files/Pods-htchhkr-development/Pods-htchhkr-development-frameworks.sh",
				"${BUILT_PRODUCTS_DIR}/GTMSessionFetcher/GTMSessionFetcher.framework",
				"${BUILT_PRODUCTS_DIR}/GoogleToolboxForMac/GoogleToolboxForMac.framework",
				"${BUILT_PRODUCTS_DIR}/RevealingSplashView/RevealingSplashView.framework",
				"${BUILT_PRODUCTS_DIR}/leveldb-library/leveldb.framework",
				"${BUILT_PRODUCTS_DIR}/nanopb/nanopb.framework",
			);
			name = "[CP] Embed Pods Frameworks";
			outputPaths = (
				"${TARGET_BUILD_DIR}/${FRAMEWORKS_FOLDER_PATH}/GTMSessionFetcher.framework",
				"${TARGET_BUILD_DIR}/${FRAMEWORKS_FOLDER_PATH}/GoogleToolboxForMac.framework",
				"${TARGET_BUILD_DIR}/${FRAMEWORKS_FOLDER_PATH}/RevealingSplashView.framework",
				"${TARGET_BUILD_DIR}/${FRAMEWORKS_FOLDER_PATH}/leveldb.framework",
				"${TARGET_BUILD_DIR}/${FRAMEWORKS_FOLDER_PATH}/nanopb.framework",
			);
			runOnlyForDeploymentPostprocessing = 0;
			shellPath = /bin/sh;
			shellScript = "\"${SRCROOT}/Pods/Target Support Files/Pods-htchhkr-development/Pods-htchhkr-development-frameworks.sh\"\n";
			showEnvVarsInLog = 0;
		};
		A4300C07FF7E840F1E90DD66 /* [CP] Copy Pods Resources */ = {
			isa = PBXShellScriptBuildPhase;
			buildActionMask = 2147483647;
			files = (
			);
			inputPaths = (
			);
			name = "[CP] Copy Pods Resources";
			outputPaths = (
			);
			runOnlyForDeploymentPostprocessing = 0;
			shellPath = /bin/sh;
			shellScript = "\"${SRCROOT}/Pods/Target Support Files/Pods-htchhkr-development/Pods-htchhkr-development-resources.sh\"\n";
			showEnvVarsInLog = 0;
		};
		F0D27EC01C27113891BF0957 /* [CP] Check Pods Manifest.lock */ = {
			isa = PBXShellScriptBuildPhase;
			buildActionMask = 2147483647;
			files = (
			);
			inputPaths = (
				"${PODS_PODFILE_DIR_PATH}/Podfile.lock",
				"${PODS_ROOT}/Manifest.lock",
			);
			name = "[CP] Check Pods Manifest.lock";
			outputPaths = (
				"$(DERIVED_FILE_DIR)/Pods-htchhkr-development-checkManifestLockResult.txt",
			);
			runOnlyForDeploymentPostprocessing = 0;
			shellPath = /bin/sh;
			shellScript = "diff \"${PODS_PODFILE_DIR_PATH}/Podfile.lock\" \"${PODS_ROOT}/Manifest.lock\" > /dev/null\nif [ $? != 0 ] ; then\n    # print error to STDERR\n    echo \"error: The sandbox is not in sync with the Podfile.lock. Run 'pod install' or update your CocoaPods installation.\" >&2\n    exit 1\nfi\n# This output is used by Xcode 'outputs' to avoid re-running this script phase.\necho \"SUCCESS\" > \"${SCRIPT_OUTPUT_FILE_0}\"\n";
			showEnvVarsInLog = 0;
		};
/* End PBXShellScriptBuildPhase section */

/* Begin PBXSourcesBuildPhase section */
		D92B37F32041C5F000457D59 /* Sources */ = {
			isa = PBXSourcesBuildPhase;
			buildActionMask = 2147483647;
			files = (
				D937565A204474E6001D0D4E /* CenterVCDelegate.swift in Sources */,
				D97FF7132041F31700EC65F7 /* RoundedShadowButton.swift in Sources */,
				D93756552044712C001D0D4E /* LeftSidePanelVC.swift in Sources */,
				D97FF7112041F1AE00EC65F7 /* CircleView.swift in Sources */,
				D9375657204471DF001D0D4E /* ContainerVC.swift in Sources */,
				D9BB9AD920454DD1009667D0 /* UIViewExt.swift in Sources */,
				D92B37FD2041C5F000457D59 /* HomeVC.swift in Sources */,
				D97FF70D2041F04300EC65F7 /* RoundImageView.swift in Sources */,
				D92B37FB2041C5F000457D59 /* AppDelegate.swift in Sources */,
				D97FF70F2041F0DC00EC65F7 /* RoundedShadawView.swift in Sources */,
				D9228E772041E8FC00029E1B /* GradientView.swift in Sources */,
			);
			runOnlyForDeploymentPostprocessing = 0;
		};
/* End PBXSourcesBuildPhase section */

/* Begin PBXVariantGroup section */
		D92B37FE2041C5F000457D59 /* Main.storyboard */ = {
			isa = PBXVariantGroup;
			children = (
				D92B37FF2041C5F000457D59 /* Base */,
			);
			name = Main.storyboard;
			sourceTree = "<group>";
		};
		D92B38032041C5F000457D59 /* LaunchScreen.storyboard */ = {
			isa = PBXVariantGroup;
			children = (
				D92B38042041C5F000457D59 /* Base */,
			);
			name = LaunchScreen.storyboard;
			sourceTree = "<group>";
		};
/* End PBXVariantGroup section */

/* Begin XCBuildConfiguration section */
		D92B38072041C5F000457D59 /* Debug */ = {
			isa = XCBuildConfiguration;
			buildSettings = {
				ALWAYS_SEARCH_USER_PATHS = NO;
				CLANG_ANALYZER_NONNULL = YES;
				CLANG_CXX_LANGUAGE_STANDARD = "gnu++0x";
				CLANG_CXX_LIBRARY = "libc++";
				CLANG_ENABLE_MODULES = YES;
				CLANG_ENABLE_OBJC_ARC = YES;
				CLANG_WARN_BOOL_CONVERSION = YES;
				CLANG_WARN_CONSTANT_CONVERSION = YES;
				CLANG_WARN_DIRECT_OBJC_ISA_USAGE = YES_ERROR;
				CLANG_WARN_DOCUMENTATION_COMMENTS = YES;
				CLANG_WARN_EMPTY_BODY = YES;
				CLANG_WARN_ENUM_CONVERSION = YES;
				CLANG_WARN_INFINITE_RECURSION = YES;
				CLANG_WARN_INT_CONVERSION = YES;
				CLANG_WARN_OBJC_ROOT_CLASS = YES_ERROR;
				CLANG_WARN_SUSPICIOUS_MOVE = YES;
				CLANG_WARN_UNREACHABLE_CODE = YES;
				CLANG_WARN__DUPLICATE_METHOD_MATCH = YES;
				"CODE_SIGN_IDENTITY[sdk=iphoneos*]" = "iPhone Developer";
				COPY_PHASE_STRIP = NO;
				DEBUG_INFORMATION_FORMAT = dwarf;
				ENABLE_STRICT_OBJC_MSGSEND = YES;
				ENABLE_TESTABILITY = YES;
				GCC_C_LANGUAGE_STANDARD = gnu99;
				GCC_DYNAMIC_NO_PIC = NO;
				GCC_NO_COMMON_BLOCKS = YES;
				GCC_OPTIMIZATION_LEVEL = 0;
				GCC_PREPROCESSOR_DEFINITIONS = (
					"DEBUG=1",
					"$(inherited)",
				);
				GCC_WARN_64_TO_32_BIT_CONVERSION = YES;
				GCC_WARN_ABOUT_RETURN_TYPE = YES_ERROR;
				GCC_WARN_UNDECLARED_SELECTOR = YES;
				GCC_WARN_UNINITIALIZED_AUTOS = YES_AGGRESSIVE;
				GCC_WARN_UNUSED_FUNCTION = YES;
				GCC_WARN_UNUSED_VARIABLE = YES;
				IPHONEOS_DEPLOYMENT_TARGET = 10.2;
				MTL_ENABLE_DEBUG_INFO = YES;
				ONLY_ACTIVE_ARCH = YES;
				SDKROOT = iphoneos;
				SWIFT_ACTIVE_COMPILATION_CONDITIONS = DEBUG;
				SWIFT_OPTIMIZATION_LEVEL = "-Onone";
				TARGETED_DEVICE_FAMILY = "1,2";
			};
			name = Debug;
		};
		D92B38082041C5F000457D59 /* Release */ = {
			isa = XCBuildConfiguration;
			buildSettings = {
				ALWAYS_SEARCH_USER_PATHS = NO;
				CLANG_ANALYZER_NONNULL = YES;
				CLANG_CXX_LANGUAGE_STANDARD = "gnu++0x";
				CLANG_CXX_LIBRARY = "libc++";
				CLANG_ENABLE_MODULES = YES;
				CLANG_ENABLE_OBJC_ARC = YES;
				CLANG_WARN_BOOL_CONVERSION = YES;
				CLANG_WARN_CONSTANT_CONVERSION = YES;
				CLANG_WARN_DIRECT_OBJC_ISA_USAGE = YES_ERROR;
				CLANG_WARN_DOCUMENTATION_COMMENTS = YES;
				CLANG_WARN_EMPTY_BODY = YES;
				CLANG_WARN_ENUM_CONVERSION = YES;
				CLANG_WARN_INFINITE_RECURSION = YES;
				CLANG_WARN_INT_CONVERSION = YES;
				CLANG_WARN_OBJC_ROOT_CLASS = YES_ERROR;
				CLANG_WARN_SUSPICIOUS_MOVE = YES;
				CLANG_WARN_UNREACHABLE_CODE = YES;
				CLANG_WARN__DUPLICATE_METHOD_MATCH = YES;
				"CODE_SIGN_IDENTITY[sdk=iphoneos*]" = "iPhone Developer";
				COPY_PHASE_STRIP = NO;
				DEBUG_INFORMATION_FORMAT = "dwarf-with-dsym";
				ENABLE_NS_ASSERTIONS = NO;
				ENABLE_STRICT_OBJC_MSGSEND = YES;
				GCC_C_LANGUAGE_STANDARD = gnu99;
				GCC_NO_COMMON_BLOCKS = YES;
				GCC_WARN_64_TO_32_BIT_CONVERSION = YES;
				GCC_WARN_ABOUT_RETURN_TYPE = YES_ERROR;
				GCC_WARN_UNDECLARED_SELECTOR = YES;
				GCC_WARN_UNINITIALIZED_AUTOS = YES_AGGRESSIVE;
				GCC_WARN_UNUSED_FUNCTION = YES;
				GCC_WARN_UNUSED_VARIABLE = YES;
				IPHONEOS_DEPLOYMENT_TARGET = 10.2;
				MTL_ENABLE_DEBUG_INFO = NO;
				SDKROOT = iphoneos;
				SWIFT_OPTIMIZATION_LEVEL = "-Owholemodule";
				TARGETED_DEVICE_FAMILY = "1,2";
				VALIDATE_PRODUCT = YES;
			};
			name = Release;
		};
		D92B380A2041C5F000457D59 /* Debug */ = {
			isa = XCBuildConfiguration;
			baseConfigurationReference = 712D97DC01121BDFFEE29AD9 /* Pods-htchhkr-development.debug.xcconfig */;
			buildSettings = {
				ASSETCATALOG_COMPILER_APPICON_NAME = AppIcon;
				DEVELOPMENT_TEAM = 8DVHX5WRRH;
				INFOPLIST_FILE = "htchhkr-development/Info.plist";
				IPHONEOS_DEPLOYMENT_TARGET = 10.0;
				LD_RUNPATH_SEARCH_PATHS = "$(inherited) @executable_path/Frameworks";
				PRODUCT_BUNDLE_IDENTIFIER = "com.mustafagunes.htchhkr-development";
				PRODUCT_NAME = "$(TARGET_NAME)";
				SWIFT_VERSION = 3.0;
			};
			name = Debug;
		};
		D92B380B2041C5F000457D59 /* Release */ = {
			isa = XCBuildConfiguration;
			baseConfigurationReference = A0A477555A495B551613027E /* Pods-htchhkr-development.release.xcconfig */;
			buildSettings = {
				ASSETCATALOG_COMPILER_APPICON_NAME = AppIcon;
				DEVELOPMENT_TEAM = 8DVHX5WRRH;
				INFOPLIST_FILE = "htchhkr-development/Info.plist";
				IPHONEOS_DEPLOYMENT_TARGET = 10.0;
				LD_RUNPATH_SEARCH_PATHS = "$(inherited) @executable_path/Frameworks";
				PRODUCT_BUNDLE_IDENTIFIER = "com.mustafagunes.htchhkr-development";
				PRODUCT_NAME = "$(TARGET_NAME)";
				SWIFT_VERSION = 3.0;
			};
			name = Release;
		};
/* End XCBuildConfiguration section */

/* Begin XCConfigurationList section */
		D92B37F22041C5F000457D59 /* Build configuration list for PBXProject "htchhkr-development" */ = {
			isa = XCConfigurationList;
			buildConfigurations = (
				D92B38072041C5F000457D59 /* Debug */,
				D92B38082041C5F000457D59 /* Release */,
			);
			defaultConfigurationIsVisible = 0;
			defaultConfigurationName = Release;
		};
		D92B38092041C5F000457D59 /* Build configuration list for PBXNativeTarget "htchhkr-development" */ = {
			isa = XCConfigurationList;
			buildConfigurations = (
				D92B380A2041C5F000457D59 /* Debug */,
				D92B380B2041C5F000457D59 /* Release */,
			);
			defaultConfigurationIsVisible = 0;
			defaultConfigurationName = Release;
		};
/* End XCConfigurationList section */
	};
	rootObject = D92B37EF2041C5F000457D59 /* Project object */;
}
